// !$*UTF8*$!
{
	archiveVersion = 1;
	classes = {
	};
	objectVersion = 48;
	objects = {

/* Begin PBXBuildFile section */
		1877E2251F3369DE00A99FF8 /* AlarmClocksTableViewDataSource.swift in Sources */ = {isa = PBXBuildFile; fileRef = 1877E2241F3369DE00A99FF8 /* AlarmClocksTableViewDataSource.swift */; };
		1877E22C1F336C1500A99FF8 /* AlarmTableViewCell.swift in Sources */ = {isa = PBXBuildFile; fileRef = 1877E22A1F336C1500A99FF8 /* AlarmTableViewCell.swift */; };
		1877E22D1F336C1500A99FF8 /* AlarmTableViewCell.xib in Resources */ = {isa = PBXBuildFile; fileRef = 1877E22B1F336C1500A99FF8 /* AlarmTableViewCell.xib */; };
		1877E2321F336FA600A99FF8 /* Alarm.swift in Sources */ = {isa = PBXBuildFile; fileRef = 1877E2311F336FA600A99FF8 /* Alarm.swift */; };
		1877E2341F33829400A99FF8 /* AlarmsViewPresenter.swift in Sources */ = {isa = PBXBuildFile; fileRef = 1877E2331F33829400A99FF8 /* AlarmsViewPresenter.swift */; };
		189BF27B1F346FB9006CC757 /* AlarmClockNotificationScheduler.swift in Sources */ = {isa = PBXBuildFile; fileRef = 189BF27A1F346FB9006CC757 /* AlarmClockNotificationScheduler.swift */; };
		189BF27D1F3473E3006CC757 /* AlarmsNotificationMapper.swift in Sources */ = {isa = PBXBuildFile; fileRef = 189BF27C1F3473E3006CC757 /* AlarmsNotificationMapper.swift */; };
		189BF2801F34783E006CC757 /* UserNotifications.framework in Frameworks */ = {isa = PBXBuildFile; fileRef = 189BF27F1F34783E006CC757 /* UserNotifications.framework */; };
		189EABA11F33673E00BE4ED9 /* AppDelegate.swift in Sources */ = {isa = PBXBuildFile; fileRef = 189EABA01F33673E00BE4ED9 /* AppDelegate.swift */; };
		189EABA61F33673E00BE4ED9 /* Main.storyboard in Resources */ = {isa = PBXBuildFile; fileRef = 189EABA41F33673E00BE4ED9 /* Main.storyboard */; };
		189EABA81F33673E00BE4ED9 /* Assets.xcassets in Resources */ = {isa = PBXBuildFile; fileRef = 189EABA71F33673E00BE4ED9 /* Assets.xcassets */; };
		189EABAB1F33673E00BE4ED9 /* LaunchScreen.storyboard in Resources */ = {isa = PBXBuildFile; fileRef = 189EABA91F33673E00BE4ED9 /* LaunchScreen.storyboard */; };
		189EABB61F33673E00BE4ED9 /* AlarmClockerTests.swift in Sources */ = {isa = PBXBuildFile; fileRef = 189EABB51F33673E00BE4ED9 /* AlarmClockerTests.swift */; };
		18F45DE21F34B2210000E434 /* AlarmsViewController.swift in Sources */ = {isa = PBXBuildFile; fileRef = 18F45DE11F34B2210000E434 /* AlarmsViewController.swift */; };
		18F45DE41F34BC240000E434 /* AlarmsPersistentStorage.swift in Sources */ = {isa = PBXBuildFile; fileRef = 18F45DE31F34BC240000E434 /* AlarmsPersistentStorage.swift */; };
		18F45DE61F34C2E90000E434 /* AlarmsViewPresenterProtocols.swift in Sources */ = {isa = PBXBuildFile; fileRef = 18F45DE51F34C2E90000E434 /* AlarmsViewPresenterProtocols.swift */; };
/* End PBXBuildFile section */

/* Begin PBXContainerItemProxy section */
		189EABB21F33673E00BE4ED9 /* PBXContainerItemProxy */ = {
			isa = PBXContainerItemProxy;
			containerPortal = 189EAB951F33673E00BE4ED9 /* Project object */;
			proxyType = 1;
			remoteGlobalIDString = 189EAB9C1F33673E00BE4ED9;
			remoteInfo = AlarmClocker;
		};
/* End PBXContainerItemProxy section */

/* Begin PBXFileReference section */
		1877E2241F3369DE00A99FF8 /* AlarmClocksTableViewDataSource.swift */ = {isa = PBXFileReference; lastKnownFileType = sourcecode.swift; path = AlarmClocksTableViewDataSource.swift; sourceTree = "<group>"; };
		1877E22A1F336C1500A99FF8 /* AlarmTableViewCell.swift */ = {isa = PBXFileReference; lastKnownFileType = sourcecode.swift; path = AlarmTableViewCell.swift; sourceTree = "<group>"; };
		1877E22B1F336C1500A99FF8 /* AlarmTableViewCell.xib */ = {isa = PBXFileReference; lastKnownFileType = file.xib; path = AlarmTableViewCell.xib; sourceTree = "<group>"; };
		1877E2311F336FA600A99FF8 /* Alarm.swift */ = {isa = PBXFileReference; lastKnownFileType = sourcecode.swift; path = Alarm.swift; sourceTree = "<group>"; };
		1877E2331F33829400A99FF8 /* AlarmsViewPresenter.swift */ = {isa = PBXFileReference; lastKnownFileType = sourcecode.swift; path = AlarmsViewPresenter.swift; sourceTree = "<group>"; };
		189BF27A1F346FB9006CC757 /* AlarmClockNotificationScheduler.swift */ = {isa = PBXFileReference; lastKnownFileType = sourcecode.swift; path = AlarmClockNotificationScheduler.swift; sourceTree = "<group>"; };
		189BF27C1F3473E3006CC757 /* AlarmsNotificationMapper.swift */ = {isa = PBXFileReference; lastKnownFileType = sourcecode.swift; path = AlarmsNotificationMapper.swift; sourceTree = "<group>"; };
		189BF27F1F34783E006CC757 /* UserNotifications.framework */ = {isa = PBXFileReference; lastKnownFileType = wrapper.framework; name = UserNotifications.framework; path = System/Library/Frameworks/UserNotifications.framework; sourceTree = SDKROOT; };
		189EAB9D1F33673E00BE4ED9 /* AlarmClocker.app */ = {isa = PBXFileReference; explicitFileType = wrapper.application; includeInIndex = 0; path = AlarmClocker.app; sourceTree = BUILT_PRODUCTS_DIR; };
		189EABA01F33673E00BE4ED9 /* AppDelegate.swift */ = {isa = PBXFileReference; lastKnownFileType = sourcecode.swift; path = AppDelegate.swift; sourceTree = "<group>"; };
		189EABA51F33673E00BE4ED9 /* Base */ = {isa = PBXFileReference; lastKnownFileType = file.storyboard; name = Base; path = Base.lproj/Main.storyboard; sourceTree = "<group>"; };
		189EABA71F33673E00BE4ED9 /* Assets.xcassets */ = {isa = PBXFileReference; lastKnownFileType = folder.assetcatalog; path = Assets.xcassets; sourceTree = "<group>"; };
		189EABAA1F33673E00BE4ED9 /* Base */ = {isa = PBXFileReference; lastKnownFileType = file.storyboard; name = Base; path = Base.lproj/LaunchScreen.storyboard; sourceTree = "<group>"; };
		189EABAC1F33673E00BE4ED9 /* Info.plist */ = {isa = PBXFileReference; lastKnownFileType = text.plist.xml; path = Info.plist; sourceTree = "<group>"; };
		189EABB11F33673E00BE4ED9 /* AlarmClockerTests.xctest */ = {isa = PBXFileReference; explicitFileType = wrapper.cfbundle; includeInIndex = 0; path = AlarmClockerTests.xctest; sourceTree = BUILT_PRODUCTS_DIR; };
		189EABB51F33673E00BE4ED9 /* AlarmClockerTests.swift */ = {isa = PBXFileReference; lastKnownFileType = sourcecode.swift; path = AlarmClockerTests.swift; sourceTree = "<group>"; };
		189EABB71F33673E00BE4ED9 /* Info.plist */ = {isa = PBXFileReference; lastKnownFileType = text.plist.xml; path = Info.plist; sourceTree = "<group>"; };
		18F45DE11F34B2210000E434 /* AlarmsViewController.swift */ = {isa = PBXFileReference; lastKnownFileType = sourcecode.swift; path = AlarmsViewController.swift; sourceTree = "<group>"; };
		18F45DE31F34BC240000E434 /* AlarmsPersistentStorage.swift */ = {isa = PBXFileReference; lastKnownFileType = sourcecode.swift; path = AlarmsPersistentStorage.swift; sourceTree = "<group>"; };
		18F45DE51F34C2E90000E434 /* AlarmsViewPresenterProtocols.swift */ = {isa = PBXFileReference; lastKnownFileType = sourcecode.swift; path = AlarmsViewPresenterProtocols.swift; sourceTree = "<group>"; };
/* End PBXFileReference section */

/* Begin PBXFrameworksBuildPhase section */
		189EAB9A1F33673E00BE4ED9 /* Frameworks */ = {
			isa = PBXFrameworksBuildPhase;
			buildActionMask = 2147483647;
			files = (
				189BF2801F34783E006CC757 /* UserNotifications.framework in Frameworks */,
			);
			runOnlyForDeploymentPostprocessing = 0;
		};
		189EABAE1F33673E00BE4ED9 /* Frameworks */ = {
			isa = PBXFrameworksBuildPhase;
			buildActionMask = 2147483647;
			files = (
			);
			runOnlyForDeploymentPostprocessing = 0;
		};
/* End PBXFrameworksBuildPhase section */

/* Begin PBXGroup section */
		189BF27E1F34783E006CC757 /* Frameworks */ = {
			isa = PBXGroup;
			children = (
				189BF27F1F34783E006CC757 /* UserNotifications.framework */,
			);
			name = Frameworks;
			sourceTree = "<group>";
		};
		189BF2811F34B1B3006CC757 /* Model */ = {
			isa = PBXGroup;
			children = (
				189BF27C1F3473E3006CC757 /* AlarmsNotificationMapper.swift */,
				1877E2311F336FA600A99FF8 /* Alarm.swift */,
			);
			path = Model;
			sourceTree = "<group>";
		};
		189BF2821F34B1BA006CC757 /* View */ = {
			isa = PBXGroup;
			children = (
				18F45DE11F34B2210000E434 /* AlarmsViewController.swift */,
				1877E22A1F336C1500A99FF8 /* AlarmTableViewCell.swift */,
				1877E22B1F336C1500A99FF8 /* AlarmTableViewCell.xib */,
			);
			path = View;
			sourceTree = "<group>";
		};
		189BF2831F34B1C4006CC757 /* Presenter */ = {
			isa = PBXGroup;
			children = (
				1877E2331F33829400A99FF8 /* AlarmsViewPresenter.swift */,
				189BF27A1F346FB9006CC757 /* AlarmClockNotificationScheduler.swift */,
				1877E2241F3369DE00A99FF8 /* AlarmClocksTableViewDataSource.swift */,
				18F45DE31F34BC240000E434 /* AlarmsPersistentStorage.swift */,
				18F45DE51F34C2E90000E434 /* AlarmsViewPresenterProtocols.swift */,
			);
			path = Presenter;
			sourceTree = "<group>";
		};
		189EAB941F33673E00BE4ED9 = {
			isa = PBXGroup;
			children = (
				189EAB9F1F33673E00BE4ED9 /* AlarmClocker */,
				189EABB41F33673E00BE4ED9 /* AlarmClockerTests */,
				189EAB9E1F33673E00BE4ED9 /* Products */,
				189BF27E1F34783E006CC757 /* Frameworks */,
			);
			sourceTree = "<group>";
		};
		189EAB9E1F33673E00BE4ED9 /* Products */ = {
			isa = PBXGroup;
			children = (
				189EAB9D1F33673E00BE4ED9 /* AlarmClocker.app */,
				189EABB11F33673E00BE4ED9 /* AlarmClockerTests.xctest */,
			);
			name = Products;
			sourceTree = "<group>";
		};
		189EAB9F1F33673E00BE4ED9 /* AlarmClocker */ = {
			isa = PBXGroup;
			children = (
				189BF2831F34B1C4006CC757 /* Presenter */,
				189BF2821F34B1BA006CC757 /* View */,
				189BF2811F34B1B3006CC757 /* Model */,
				189EABA01F33673E00BE4ED9 /* AppDelegate.swift */,
				189EABA41F33673E00BE4ED9 /* Main.storyboard */,
				189EABA71F33673E00BE4ED9 /* Assets.xcassets */,
				189EABA91F33673E00BE4ED9 /* LaunchScreen.storyboard */,
				189EABAC1F33673E00BE4ED9 /* Info.plist */,
			);
			path = AlarmClocker;
			sourceTree = "<group>";
		};
		189EABB41F33673E00BE4ED9 /* AlarmClockerTests */ = {
			isa = PBXGroup;
			children = (
				189EABB51F33673E00BE4ED9 /* AlarmClockerTests.swift */,
				189EABB71F33673E00BE4ED9 /* Info.plist */,
			);
			path = AlarmClockerTests;
			sourceTree = "<group>";
		};
/* End PBXGroup section */

/* Begin PBXNativeTarget section */
		189EAB9C1F33673E00BE4ED9 /* AlarmClocker */ = {
			isa = PBXNativeTarget;
			buildConfigurationList = 189EABBA1F33673E00BE4ED9 /* Build configuration list for PBXNativeTarget "AlarmClocker" */;
			buildPhases = (
				189EAB991F33673E00BE4ED9 /* Sources */,
				189EAB9A1F33673E00BE4ED9 /* Frameworks */,
				189EAB9B1F33673E00BE4ED9 /* Resources */,
			);
			buildRules = (
			);
			dependencies = (
			);
			name = AlarmClocker;
			productName = AlarmClocker;
			productReference = 189EAB9D1F33673E00BE4ED9 /* AlarmClocker.app */;
			productType = "com.apple.product-type.application";
		};
		189EABB01F33673E00BE4ED9 /* AlarmClockerTests */ = {
			isa = PBXNativeTarget;
			buildConfigurationList = 189EABBD1F33673E00BE4ED9 /* Build configuration list for PBXNativeTarget "AlarmClockerTests" */;
			buildPhases = (
				189EABAD1F33673E00BE4ED9 /* Sources */,
				189EABAE1F33673E00BE4ED9 /* Frameworks */,
				189EABAF1F33673E00BE4ED9 /* Resources */,
			);
			buildRules = (
			);
			dependencies = (
				189EABB31F33673E00BE4ED9 /* PBXTargetDependency */,
			);
			name = AlarmClockerTests;
			productName = AlarmClockerTests;
			productReference = 189EABB11F33673E00BE4ED9 /* AlarmClockerTests.xctest */;
			productType = "com.apple.product-type.bundle.unit-test";
		};
/* End PBXNativeTarget section */

/* Begin PBXProject section */
		189EAB951F33673E00BE4ED9 /* Project object */ = {
			isa = PBXProject;
			attributes = {
				LastSwiftUpdateCheck = 0900;
				LastUpgradeCheck = 0900;
				ORGANIZATIONNAME = "Roni Poyas";
				TargetAttributes = {
					189EAB9C1F33673E00BE4ED9 = {
						CreatedOnToolsVersion = 9.0;
					};
					189EABB01F33673E00BE4ED9 = {
						CreatedOnToolsVersion = 9.0;
						TestTargetID = 189EAB9C1F33673E00BE4ED9;
					};
				};
			};
			buildConfigurationList = 189EAB981F33673E00BE4ED9 /* Build configuration list for PBXProject "AlarmClocker" */;
			compatibilityVersion = "Xcode 8.0";
			developmentRegion = en;
			hasScannedForEncodings = 0;
			knownRegions = (
				en,
				Base,
			);
			mainGroup = 189EAB941F33673E00BE4ED9;
			productRefGroup = 189EAB9E1F33673E00BE4ED9 /* Products */;
			projectDirPath = "";
			projectRoot = "";
			targets = (
				189EAB9C1F33673E00BE4ED9 /* AlarmClocker */,
				189EABB01F33673E00BE4ED9 /* AlarmClockerTests */,
			);
		};
/* End PBXProject section */

/* Begin PBXResourcesBuildPhase section */
		189EAB9B1F33673E00BE4ED9 /* Resources */ = {
			isa = PBXResourcesBuildPhase;
			buildActionMask = 2147483647;
			files = (
				189EABAB1F33673E00BE4ED9 /* LaunchScreen.storyboard in Resources */,
				189EABA81F33673E00BE4ED9 /* Assets.xcassets in Resources */,
				189EABA61F33673E00BE4ED9 /* Main.storyboard in Resources */,
				1877E22D1F336C1500A99FF8 /* AlarmTableViewCell.xib in Resources */,
			);
			runOnlyForDeploymentPostprocessing = 0;
		};
		189EABAF1F33673E00BE4ED9 /* Resources */ = {
			isa = PBXResourcesBuildPhase;
			buildActionMask = 2147483647;
			files = (
			);
			runOnlyForDeploymentPostprocessing = 0;
		};
/* End PBXResourcesBuildPhase section */

/* Begin PBXSourcesBuildPhase section */
		189EAB991F33673E00BE4ED9 /* Sources */ = {
			isa = PBXSourcesBuildPhase;
			buildActionMask = 2147483647;
			files = (
				189EABA11F33673E00BE4ED9 /* AppDelegate.swift in Sources */,
				18F45DE61F34C2E90000E434 /* AlarmsViewPresenterProtocols.swift in Sources */,
				1877E2321F336FA600A99FF8 /* Alarm.swift in Sources */,
				18F45DE21F34B2210000E434 /* AlarmsViewController.swift in Sources */,
				189BF27B1F346FB9006CC757 /* AlarmClockNotificationScheduler.swift in Sources */,
				18F45DE41F34BC240000E434 /* AlarmsPersistentStorage.swift in Sources */,
				1877E2251F3369DE00A99FF8 /* AlarmClocksTableViewDataSource.swift in Sources */,
				189BF27D1F3473E3006CC757 /* AlarmsNotificationMapper.swift in Sources */,
				1877E22C1F336C1500A99FF8 /* AlarmTableViewCell.swift in Sources */,
				1877E2341F33829400A99FF8 /* AlarmsViewPresenter.swift in Sources */,
			);
			runOnlyForDeploymentPostprocessing = 0;
		};
		189EABAD1F33673E00BE4ED9 /* Sources */ = {
			isa = PBXSourcesBuildPhase;
			buildActionMask = 2147483647;
			files = (
				189EABB61F33673E00BE4ED9 /* AlarmClockerTests.swift in Sources */,
			);
			runOnlyForDeploymentPostprocessing = 0;
		};
/* End PBXSourcesBuildPhase section */

/* Begin PBXTargetDependency section */
		189EABB31F33673E00BE4ED9 /* PBXTargetDependency */ = {
			isa = PBXTargetDependency;
			target = 189EAB9C1F33673E00BE4ED9 /* AlarmClocker */;
			targetProxy = 189EABB21F33673E00BE4ED9 /* PBXContainerItemProxy */;
		};
/* End PBXTargetDependency section */

/* Begin PBXVariantGroup section */
		189EABA41F33673E00BE4ED9 /* Main.storyboard */ = {
			isa = PBXVariantGroup;
			children = (
				189EABA51F33673E00BE4ED9 /* Base */,
			);
			name = Main.storyboard;
			sourceTree = "<group>";
		};
		189EABA91F33673E00BE4ED9 /* LaunchScreen.storyboard */ = {
			isa = PBXVariantGroup;
			children = (
				189EABAA1F33673E00BE4ED9 /* Base */,
			);
			name = LaunchScreen.storyboard;
			sourceTree = "<group>";
		};
/* End PBXVariantGroup section */

/* Begin XCBuildConfiguration section */
		189EABB81F33673E00BE4ED9 /* Debug */ = {
			isa = XCBuildConfiguration;
			buildSettings = {
				ALWAYS_SEARCH_USER_PATHS = NO;
				CLANG_ANALYZER_NONNULL = YES;
				CLANG_ANALYZER_NUMBER_OBJECT_CONVERSION = YES_AGGRESSIVE;
				CLANG_CXX_LANGUAGE_STANDARD = "gnu++14";
				CLANG_CXX_LIBRARY = "libc++";
				CLANG_ENABLE_MODULES = YES;
				CLANG_ENABLE_OBJC_ARC = YES;
				CLANG_WARN_BLOCK_CAPTURE_AUTORELEASING = YES;
				CLANG_WARN_BOOL_CONVERSION = YES;
				CLANG_WARN_COMMA = YES;
				CLANG_WARN_CONSTANT_CONVERSION = YES;
				CLANG_WARN_DIRECT_OBJC_ISA_USAGE = YES_ERROR;
				CLANG_WARN_DOCUMENTATION_COMMENTS = YES;
				CLANG_WARN_EMPTY_BODY = YES;
				CLANG_WARN_ENUM_CONVERSION = YES;
				CLANG_WARN_INFINITE_RECURSION = YES;
				CLANG_WARN_INT_CONVERSION = YES;
				CLANG_WARN_NON_LITERAL_NULL_CONVERSION = YES;
				CLANG_WARN_OBJC_LITERAL_CONVERSION = YES;
				CLANG_WARN_OBJC_ROOT_CLASS = YES_ERROR;
				CLANG_WARN_RANGE_LOOP_ANALYSIS = YES;
				CLANG_WARN_STRICT_PROTOTYPES = YES;
				CLANG_WARN_SUSPICIOUS_MOVE = YES;
				CLANG_WARN_UNGUARDED_AVAILABILITY = YES_AGGRESSIVE;
				CLANG_WARN_UNREACHABLE_CODE = YES;
				CLANG_WARN__DUPLICATE_METHOD_MATCH = YES;
				CODE_SIGN_IDENTITY = "iPhone Developer";
				COPY_PHASE_STRIP = NO;
				DEBUG_INFORMATION_FORMAT = dwarf;
				ENABLE_STRICT_OBJC_MSGSEND = YES;
				ENABLE_TESTABILITY = YES;
				GCC_C_LANGUAGE_STANDARD = gnu11;
				GCC_DYNAMIC_NO_PIC = NO;
				GCC_NO_COMMON_BLOCKS = YES;
				GCC_OPTIMIZATION_LEVEL = 0;
				GCC_PREPROCESSOR_DEFINITIONS = (
					"DEBUG=1",
					"$(inherited)",
				);
				GCC_WARN_64_TO_32_BIT_CONVERSION = YES;
				GCC_WARN_ABOUT_RETURN_TYPE = YES_ERROR;
				GCC_WARN_UNDECLARED_SELECTOR = YES;
				GCC_WARN_UNINITIALIZED_AUTOS = YES_AGGRESSIVE;
				GCC_WARN_UNUSED_FUNCTION = YES;
				GCC_WARN_UNUSED_VARIABLE = YES;
				IPHONEOS_DEPLOYMENT_TARGET = 11.0;
				MTL_ENABLE_DEBUG_INFO = YES;
				ONLY_ACTIVE_ARCH = YES;
				SDKROOT = iphoneos;
				SWIFT_ACTIVE_COMPILATION_CONDITIONS = DEBUG;
				SWIFT_OPTIMIZATION_LEVEL = "-Onone";
			};
			name = Debug;
		};
		189EABB91F33673E00BE4ED9 /* Release */ = {
			isa = XCBuildConfiguration;
			buildSettings = {
				ALWAYS_SEARCH_USER_PATHS = NO;
				CLANG_ANALYZER_NONNULL = YES;
				CLANG_ANALYZER_NUMBER_OBJECT_CONVERSION = YES_AGGRESSIVE;
				CLANG_CXX_LANGUAGE_STANDARD = "gnu++14";
				CLANG_CXX_LIBRARY = "libc++";
				CLANG_ENABLE_MODULES = YES;
				CLANG_ENABLE_OBJC_ARC = YES;
				CLANG_WARN_BLOCK_CAPTURE_AUTORELEASING = YES;
				CLANG_WARN_BOOL_CONVERSION = YES;
				CLANG_WARN_COMMA = YES;
				CLANG_WARN_CONSTANT_CONVERSION = YES;
				CLANG_WARN_DIRECT_OBJC_ISA_USAGE = YES_ERROR;
				CLANG_WARN_DOCUMENTATION_COMMENTS = YES;
				CLANG_WARN_EMPTY_BODY = YES;
				CLANG_WARN_ENUM_CONVERSION = YES;
				CLANG_WARN_INFINITE_RECURSION = YES;
				CLANG_WARN_INT_CONVERSION = YES;
				CLANG_WARN_NON_LITERAL_NULL_CONVERSION = YES;
				CLANG_WARN_OBJC_LITERAL_CONVERSION = YES;
				CLANG_WARN_OBJC_ROOT_CLASS = YES_ERROR;
				CLANG_WARN_RANGE_LOOP_ANALYSIS = YES;
				CLANG_WARN_STRICT_PROTOTYPES = YES;
				CLANG_WARN_SUSPICIOUS_MOVE = YES;
				CLANG_WARN_UNGUARDED_AVAILABILITY = YES_AGGRESSIVE;
				CLANG_WARN_UNREACHABLE_CODE = YES;
				CLANG_WARN__DUPLICATE_METHOD_MATCH = YES;
				CODE_SIGN_IDENTITY = "iPhone Developer";
				COPY_PHASE_STRIP = NO;
				DEBUG_INFORMATION_FORMAT = "dwarf-with-dsym";
				ENABLE_NS_ASSERTIONS = NO;
				ENABLE_STRICT_OBJC_MSGSEND = YES;
				GCC_C_LANGUAGE_STANDARD = gnu11;
				GCC_NO_COMMON_BLOCKS = YES;
				GCC_WARN_64_TO_32_BIT_CONVERSION = YES;
				GCC_WARN_ABOUT_RETURN_TYPE = YES_ERROR;
				GCC_WARN_UNDECLARED_SELECTOR = YES;
				GCC_WARN_UNINITIALIZED_AUTOS = YES_AGGRESSIVE;
				GCC_WARN_UNUSED_FUNCTION = YES;
				GCC_WARN_UNUSED_VARIABLE = YES;
				IPHONEOS_DEPLOYMENT_TARGET = 11.0;
				MTL_ENABLE_DEBUG_INFO = NO;
				SDKROOT = iphoneos;
				SWIFT_OPTIMIZATION_LEVEL = "-Owholemodule";
				VALIDATE_PRODUCT = YES;
			};
			name = Release;
		};
		189EABBB1F33673E00BE4ED9 /* Debug */ = {
			isa = XCBuildConfiguration;
			buildSettings = {
				ASSETCATALOG_COMPILER_APPICON_NAME = AppIcon;
				DEVELOPMENT_TEAM = YYU8VLT2U2;
				INFOPLIST_FILE = AlarmClocker/Info.plist;
				LD_RUNPATH_SEARCH_PATHS = "$(inherited) @executable_path/Frameworks";
				PRODUCT_BUNDLE_IDENTIFIER = com.rrpinc.alarmer.AlarmClocker;
				PRODUCT_NAME = "$(TARGET_NAME)";
				SWIFT_VERSION = 4.0;
				TARGETED_DEVICE_FAMILY = "1,2";
			};
			name = Debug;
		};
		189EABBC1F33673E00BE4ED9 /* Release */ = {
			isa = XCBuildConfiguration;
			buildSettings = {
				ASSETCATALOG_COMPILER_APPICON_NAME = AppIcon;
				DEVELOPMENT_TEAM = YYU8VLT2U2;
				INFOPLIST_FILE = AlarmClocker/Info.plist;
				LD_RUNPATH_SEARCH_PATHS = "$(inherited) @executable_path/Frameworks";
				PRODUCT_BUNDLE_IDENTIFIER = com.rrpinc.alarmer.AlarmClocker;
				PRODUCT_NAME = "$(TARGET_NAME)";
				SWIFT_VERSION = 4.0;
				TARGETED_DEVICE_FAMILY = "1,2";
			};
			name = Release;
		};
		189EABBE1F33673E00BE4ED9 /* Debug */ = {
			isa = XCBuildConfiguration;
			buildSettings = {
				ALWAYS_EMBED_SWIFT_STANDARD_LIBRARIES = YES;
				BUNDLE_LOADER = "$(TEST_HOST)";
				DEVELOPMENT_TEAM = YYU8VLT2U2;
				INFOPLIST_FILE = AlarmClockerTests/Info.plist;
				LD_RUNPATH_SEARCH_PATHS = "$(inherited) @executable_path/Frameworks @loader_path/Frameworks";
				PRODUCT_BUNDLE_IDENTIFIER = com.rrpinc.alarmer.AlarmClockerTests;
				PRODUCT_NAME = "$(TARGET_NAME)";
				SWIFT_VERSION = 4.0;
				TARGETED_DEVICE_FAMILY = "1,2";
				TEST_HOST = "$(BUILT_PRODUCTS_DIR)/AlarmClocker.app/AlarmClocker";
			};
			name = Debug;
		};
		189EABBF1F33673E00BE4ED9 /* Release */ = {
			isa = XCBuildConfiguration;
			buildSettings = {
				ALWAYS_EMBED_SWIFT_STANDARD_LIBRARIES = YES;
				BUNDLE_LOADER = "$(TEST_HOST)";
				DEVELOPMENT_TEAM = YYU8VLT2U2;
				INFOPLIST_FILE = AlarmClockerTests/Info.plist;
				LD_RUNPATH_SEARCH_PATHS = "$(inherited) @executable_path/Frameworks @loader_path/Frameworks";
				PRODUCT_BUNDLE_IDENTIFIER = com.rrpinc.alarmer.AlarmClockerTests;
				PRODUCT_NAME = "$(TARGET_NAME)";
				SWIFT_VERSION = 4.0;
				TARGETED_DEVICE_FAMILY = "1,2";
				TEST_HOST = "$(BUILT_PRODUCTS_DIR)/AlarmClocker.app/AlarmClocker";
			};
			name = Release;
		};
/* End XCBuildConfiguration section */

/* Begin XCConfigurationList section */
		189EAB981F33673E00BE4ED9 /* Build configuration list for PBXProject "AlarmClocker" */ = {
			isa = XCConfigurationList;
			buildConfigurations = (
				189EABB81F33673E00BE4ED9 /* Debug */,
				189EABB91F33673E00BE4ED9 /* Release */,
			);
			defaultConfigurationIsVisible = 0;
			defaultConfigurationName = Release;
		};
		189EABBA1F33673E00BE4ED9 /* Build configuration list for PBXNativeTarget "AlarmClocker" */ = {
			isa = XCConfigurationList;
			buildConfigurations = (
				189EABBB1F33673E00BE4ED9 /* Debug */,
				189EABBC1F33673E00BE4ED9 /* Release */,
			);
			defaultConfigurationIsVisible = 0;
			defaultConfigurationName = Release;
		};
		189EABBD1F33673E00BE4ED9 /* Build configuration list for PBXNativeTarget "AlarmClockerTests" */ = {
			isa = XCConfigurationList;
			buildConfigurations = (
				189EABBE1F33673E00BE4ED9 /* Debug */,
				189EABBF1F33673E00BE4ED9 /* Release */,
			);
			defaultConfigurationIsVisible = 0;
			defaultConfigurationName = Release;
		};
/* End XCConfigurationList section */
	};
	rootObject = 189EAB951F33673E00BE4ED9 /* Project object */;
}
